
Microsoft Visual Studio Solution File, Format Version 12.00
# Visual Studio Version 17
VisualStudioVersion = 17.1.32328.378
MinimumVisualStudioVersion = 10.0.40219.1
Project("{2150E333-8FDC-42A3-9474-1A3956D46DE8}") = "Examples", "Examples", "{BC3466B4-8239-425D-BB35-7F65AD1D6001}"
EndProject
Project("{9A19103F-16F7-4668-BE54-9A1E7A4F7556}") = "NSL.Node.LobbyServerExample", "Examples\NSL.Node.LobbyServerExample\NSL.Node.LobbyServerExample.csproj", "{EECE7093-8E9F-4493-9A88-73BC775E5C5C}"
EndProject
Project("{9A19103F-16F7-4668-BE54-9A1E7A4F7556}") = "NSL.Node.LobbyServerExample.Shared", "Examples\NSL.Node.LobbyServerExample.Shared\NSL.Node.LobbyServerExample.Shared.csproj", "{6CDA1BA1-E347-44B3-8D72-0063B2A1D947}"
EndProject
Project("{9A19103F-16F7-4668-BE54-9A1E7A4F7556}") = "NSL.Node.BridgeLobbyClient", "NSL.Node.BridgeLobbyClient\NSL.Node.BridgeLobbyClient.csproj", "{F8C64101-F2B7-404F-9332-CE7267521FB2}"
EndProject
Project("{9A19103F-16F7-4668-BE54-9A1E7A4F7556}") = "NSL.Node.BridgeLobbyClient.AspNetCore", "NSL.Node.BridgeLobbyClient.AspNetCore\NSL.Node.BridgeLobbyClient.AspNetCore.csproj", "{0B524940-4D43-4CA6-9F52-A4383812E43F}"
EndProject
Project("{9A19103F-16F7-4668-BE54-9A1E7A4F7556}") = "NSL.Node.BridgeServer", "NSL.Node.BridgeServer\NSL.Node.BridgeServer.csproj", "{E75EAF50-17ED-42F8-8D90-E2EDF1E02392}"
EndProject
Project("{9A19103F-16F7-4668-BE54-9A1E7A4F7556}") = "NSL.Node.BridgeServer.Shared", "NSL.Node.BridgeServer.Shared\NSL.Node.BridgeServer.Shared.csproj", "{DC3E1E60-0ED5-45B1-A14A-97110890B9A9}"
EndProject
Project("{9A19103F-16F7-4668-BE54-9A1E7A4F7556}") = "NSL.Node.BridgeTransportClient", "NSL.Node.BridgeTransportClient\NSL.Node.BridgeTransportClient.csproj", "{29DA5AA5-8DE5-4ED3-94DC-D957FDCEB297}"
EndProject
Project("{9A19103F-16F7-4668-BE54-9A1E7A4F7556}") = "NSL.Node.BridgeTransportExample", "Examples\NSL.Node.BridgeTransportExample\NSL.Node.BridgeTransportExample.csproj", "{0840085A-E2A8-4338-834E-CA07401BB590}"
EndProject
Project("{9A19103F-16F7-4668-BE54-9A1E7A4F7556}") = "NSL.Node.BridgeServerExample", "Examples\NSL.Node.BridgeServerExample\NSL.Node.BridgeServerExample.csproj", "{D8673406-4551-4A79-A34D-1365832CC02E}"
EndProject
Project("{9A19103F-16F7-4668-BE54-9A1E7A4F7556}") = "NSL.Node.BridgeTransportClient.Shared", "NSL.Node.BridgeTransportClient.Shared\NSL.Node.BridgeTransportClient.Shared.csproj", "{392EB482-64F9-48F2-940C-2654724572F5}"
EndProject
Global
	GlobalSection(SolutionConfigurationPlatforms) = preSolution
		Debug|Any CPU = Debug|Any CPU
		Release|Any CPU = Release|Any CPU
	EndGlobalSection
	GlobalSection(ProjectConfigurationPlatforms) = postSolution
		{EECE7093-8E9F-4493-9A88-73BC775E5C5C}.Debug|Any CPU.ActiveCfg = Debug|Any CPU
		{EECE7093-8E9F-4493-9A88-73BC775E5C5C}.Debug|Any CPU.Build.0 = Debug|Any CPU
		{EECE7093-8E9F-4493-9A88-73BC775E5C5C}.Release|Any CPU.ActiveCfg = Release|Any CPU
		{6CDA1BA1-E347-44B3-8D72-0063B2A1D947}.Debug|Any CPU.ActiveCfg = Debug|Any CPU
		{6CDA1BA1-E347-44B3-8D72-0063B2A1D947}.Debug|Any CPU.Build.0 = Debug|Any CPU
		{6CDA1BA1-E347-44B3-8D72-0063B2A1D947}.Release|Any CPU.ActiveCfg = Release|Any CPU
		{F8C64101-F2B7-404F-9332-CE7267521FB2}.Debug|Any CPU.ActiveCfg = Debug|Any CPU
		{F8C64101-F2B7-404F-9332-CE7267521FB2}.Debug|Any CPU.Build.0 = Debug|Any CPU
		{F8C64101-F2B7-404F-9332-CE7267521FB2}.Release|Any CPU.ActiveCfg = Release|Any CPU
		{F8C64101-F2B7-404F-9332-CE7267521FB2}.Release|Any CPU.Build.0 = Release|Any CPU
		{0B524940-4D43-4CA6-9F52-A4383812E43F}.Debug|Any CPU.ActiveCfg = Debug|Any CPU
		{0B524940-4D43-4CA6-9F52-A4383812E43F}.Debug|Any CPU.Build.0 = Debug|Any CPU
		{0B524940-4D43-4CA6-9F52-A4383812E43F}.Release|Any CPU.ActiveCfg = Release|Any CPU
		{0B524940-4D43-4CA6-9F52-A4383812E43F}.Release|Any CPU.Build.0 = Release|Any CPU
		{E75EAF50-17ED-42F8-8D90-E2EDF1E02392}.Debug|Any CPU.ActiveCfg = Debug|Any CPU
		{E75EAF50-17ED-42F8-8D90-E2EDF1E02392}.Debug|Any CPU.Build.0 = Debug|Any CPU
		{E75EAF50-17ED-42F8-8D90-E2EDF1E02392}.Release|Any CPU.ActiveCfg = Release|Any CPU
		{E75EAF50-17ED-42F8-8D90-E2EDF1E02392}.Release|Any CPU.Build.0 = Release|Any CPU
		{DC3E1E60-0ED5-45B1-A14A-97110890B9A9}.Debug|Any CPU.ActiveCfg = Debug|Any CPU
		{DC3E1E60-0ED5-45B1-A14A-97110890B9A9}.Debug|Any CPU.Build.0 = Debug|Any CPU
		{DC3E1E60-0ED5-45B1-A14A-97110890B9A9}.Release|Any CPU.ActiveCfg = Release|Any CPU
		{DC3E1E60-0ED5-45B1-A14A-97110890B9A9}.Release|Any CPU.Build.0 = Release|Any CPU
		{29DA5AA5-8DE5-4ED3-94DC-D957FDCEB297}.Debug|Any CPU.ActiveCfg = Debug|Any CPU
		{29DA5AA5-8DE5-4ED3-94DC-D957FDCEB297}.Debug|Any CPU.Build.0 = Debug|Any CPU
		{29DA5AA5-8DE5-4ED3-94DC-D957FDCEB297}.Release|Any CPU.ActiveCfg = Release|Any CPU
		{0840085A-E2A8-4338-834E-CA07401BB590}.Debug|Any CPU.ActiveCfg = Debug|Any CPU
		{0840085A-E2A8-4338-834E-CA07401BB590}.Debug|Any CPU.Build.0 = Debug|Any CPU
		{0840085A-E2A8-4338-834E-CA07401BB590}.Release|Any CPU.ActiveCfg = Release|Any CPU
		{D8673406-4551-4A79-A34D-1365832CC02E}.Debug|Any CPU.ActiveCfg = Debug|Any CPU
		{D8673406-4551-4A79-A34D-1365832CC02E}.Debug|Any CPU.Build.0 = Debug|Any CPU
		{D8673406-4551-4A79-A34D-1365832CC02E}.Release|Any CPU.ActiveCfg = Release|Any CPU
		{392EB482-64F9-48F2-940C-2654724572F5}.Debug|Any CPU.ActiveCfg = Debug|Any CPU
		{392EB482-64F9-48F2-940C-2654724572F5}.Debug|Any CPU.Build.0 = Debug|Any CPU
		{392EB482-64F9-48F2-940C-2654724572F5}.Release|Any CPU.ActiveCfg = Release|Any CPU
		{392EB482-64F9-48F2-940C-2654724572F5}.Release|Any CPU.Build.0 = Release|Any CPU
	EndGlobalSection
	GlobalSection(SolutionProperties) = preSolution
		HideSolutionNode = FALSE
	EndGlobalSection
	GlobalSection(NestedProjects) = preSolution
		{EECE7093-8E9F-4493-9A88-73BC775E5C5C} = {BC3466B4-8239-425D-BB35-7F65AD1D6001}
		{6CDA1BA1-E347-44B3-8D72-0063B2A1D947} = {BC3466B4-8239-425D-BB35-7F65AD1D6001}
		{0840085A-E2A8-4338-834E-CA07401BB590} = {BC3466B4-8239-425D-BB35-7F65AD1D6001}
		{D8673406-4551-4A79-A34D-1365832CC02E} = {BC3466B4-8239-425D-BB35-7F65AD1D6001}
	EndGlobalSection
	GlobalSection(ExtensibilityGlobals) = postSolution
		SolutionGuid = {FAC0C61D-775D-4347-9BD3-3A114A731C7C}
	EndGlobalSection
EndGlobal
