
Microsoft Visual Studio Solution File, Format Version 12.00
# Visual Studio Version 17
VisualStudioVersion = 17.1.32328.378
MinimumVisualStudioVersion = 10.0.40219.1
Project("{2150E333-8FDC-42A3-9474-1A3956D46DE8}") = "Examples", "Examples", "{BC3466B4-8239-425D-BB35-7F65AD1D6001}"
EndProject
Project("{9A19103F-16F7-4668-BE54-9A1E7A4F7556}") = "NSL.Node.BridgeServer.Shared", "NSL.Node.BridgeServer.Shared\NSL.Node.BridgeServer.Shared.csproj", "{DC3E1E60-0ED5-45B1-A14A-97110890B9A9}"
EndProject
Project("{9A19103F-16F7-4668-BE54-9A1E7A4F7556}") = "NSL.Node.RoomServer", "NSL.Node.RoomServer\NSL.Node.RoomServer.csproj", "{29DA5AA5-8DE5-4ED3-94DC-D957FDCEB297}"
EndProject
Project("{9A19103F-16F7-4668-BE54-9A1E7A4F7556}") = "NSL.Node.RoomServerExample", "Examples\NSL.Node.RoomServerExample\NSL.Node.RoomServerExample.csproj", "{1081A6B1-FE4C-472A-AA4B-C6EB4F911374}"
EndProject
Project("{9A19103F-16F7-4668-BE54-9A1E7A4F7556}") = "NSL.Node.AspRoomServerExample", "Examples\NSL.Node.AspRoomServerExample\NSL.Node.AspRoomServerExample.csproj", "{3808D6C8-2630-46A2-9C23-2CCF8B4D80AA}"
EndProject
Project("{9A19103F-16F7-4668-BE54-9A1E7A4F7556}") = "NSL.Node.P2Proxy", "NSL.Node.P2Proxy\NSL.Node.P2Proxy.csproj", "{26332D51-6E0F-494E-BE61-2E4163FC775E}"
EndProject
Project("{9A19103F-16F7-4668-BE54-9A1E7A4F7556}") = "NSL.Node.P2ProxyExample", "Examples\NSL.Node.P2ProxyExample\NSL.Node.P2ProxyExample.csproj", "{E88F039B-4D19-404D-9BA1-D28D01379A8B}"
EndProject
Project("{9A19103F-16F7-4668-BE54-9A1E7A4F7556}") = "NSL.Node.LocalRoomServerExample", "Examples\NSL.Node.LocalRoomServerExample\NSL.Node.LocalRoomServerExample.csproj", "{86D5A22F-2B6C-4D06-8351-9B08DDDE85B4}"
EndProject
Project("{9A19103F-16F7-4668-BE54-9A1E7A4F7556}") = "NSL.Node.RoomServer.AspNetCore", "NSL.Node.RoomServer.AspNetCore\NSL.Node.RoomServer.AspNetCore.csproj", "{05E1F789-FAF6-4E7D-9208-245080FE51A1}"
EndProject
Project("{9A19103F-16F7-4668-BE54-9A1E7A4F7556}") = "NSL.Node.Core", "NSL.Node.Core\NSL.Node.Core.csproj", "{9104E005-5574-4D3A-B1A7-196F4AE41CC3}"
EndProject
Project("{9A19103F-16F7-4668-BE54-9A1E7A4F7556}") = "NSL.Node.RoomServer.Shared.Client", "..\..\..\Assets\Game\Shared\NSL.Node.RoomServer.Shared.Client.csproj", "{80AF8793-8944-4EC0-B821-D9E7BC8C35E3}"
EndProject
Global
	GlobalSection(SolutionConfigurationPlatforms) = preSolution
		Debug|Any CPU = Debug|Any CPU
		DebugExamples|Any CPU = DebugExamples|Any CPU
		DebugRoomServer|Any CPU = DebugRoomServer|Any CPU
		Release|Any CPU = Release|Any CPU
		ReleaseRoomServer|Any CPU = ReleaseRoomServer|Any CPU
		Unity|Any CPU = Unity|Any CPU
		UnityDebug|Any CPU = UnityDebug|Any CPU
	EndGlobalSection
	GlobalSection(ProjectConfigurationPlatforms) = postSolution
		{DC3E1E60-0ED5-45B1-A14A-97110890B9A9}.Debug|Any CPU.ActiveCfg = Debug|Any CPU
		{DC3E1E60-0ED5-45B1-A14A-97110890B9A9}.Debug|Any CPU.Build.0 = Debug|Any CPU
		{DC3E1E60-0ED5-45B1-A14A-97110890B9A9}.DebugExamples|Any CPU.ActiveCfg = DebugExamples|Any CPU
		{DC3E1E60-0ED5-45B1-A14A-97110890B9A9}.DebugExamples|Any CPU.Build.0 = DebugExamples|Any CPU
		{DC3E1E60-0ED5-45B1-A14A-97110890B9A9}.DebugRoomServer|Any CPU.ActiveCfg = DebugExamples|Any CPU
		{DC3E1E60-0ED5-45B1-A14A-97110890B9A9}.DebugRoomServer|Any CPU.Build.0 = DebugExamples|Any CPU
		{DC3E1E60-0ED5-45B1-A14A-97110890B9A9}.Release|Any CPU.ActiveCfg = Release|Any CPU
		{DC3E1E60-0ED5-45B1-A14A-97110890B9A9}.Release|Any CPU.Build.0 = Release|Any CPU
		{DC3E1E60-0ED5-45B1-A14A-97110890B9A9}.ReleaseRoomServer|Any CPU.ActiveCfg = Release|Any CPU
		{DC3E1E60-0ED5-45B1-A14A-97110890B9A9}.ReleaseRoomServer|Any CPU.Build.0 = Release|Any CPU
		{DC3E1E60-0ED5-45B1-A14A-97110890B9A9}.Unity|Any CPU.ActiveCfg = Unity|Any CPU
		{DC3E1E60-0ED5-45B1-A14A-97110890B9A9}.Unity|Any CPU.Build.0 = Unity|Any CPU
		{DC3E1E60-0ED5-45B1-A14A-97110890B9A9}.UnityDebug|Any CPU.ActiveCfg = UnityDebug|Any CPU
		{DC3E1E60-0ED5-45B1-A14A-97110890B9A9}.UnityDebug|Any CPU.Build.0 = UnityDebug|Any CPU
		{29DA5AA5-8DE5-4ED3-94DC-D957FDCEB297}.Debug|Any CPU.ActiveCfg = Debug|Any CPU
		{29DA5AA5-8DE5-4ED3-94DC-D957FDCEB297}.Debug|Any CPU.Build.0 = Debug|Any CPU
		{29DA5AA5-8DE5-4ED3-94DC-D957FDCEB297}.DebugExamples|Any CPU.ActiveCfg = DebugExamples|Any CPU
		{29DA5AA5-8DE5-4ED3-94DC-D957FDCEB297}.DebugExamples|Any CPU.Build.0 = DebugExamples|Any CPU
		{29DA5AA5-8DE5-4ED3-94DC-D957FDCEB297}.DebugRoomServer|Any CPU.ActiveCfg = DebugRoomServer|Any CPU
		{29DA5AA5-8DE5-4ED3-94DC-D957FDCEB297}.DebugRoomServer|Any CPU.Build.0 = DebugRoomServer|Any CPU
		{29DA5AA5-8DE5-4ED3-94DC-D957FDCEB297}.Release|Any CPU.ActiveCfg = Release|Any CPU
		{29DA5AA5-8DE5-4ED3-94DC-D957FDCEB297}.Release|Any CPU.Build.0 = Release|Any CPU
		{29DA5AA5-8DE5-4ED3-94DC-D957FDCEB297}.ReleaseRoomServer|Any CPU.ActiveCfg = ReleaseRoomServer|Any CPU
		{29DA5AA5-8DE5-4ED3-94DC-D957FDCEB297}.ReleaseRoomServer|Any CPU.Build.0 = ReleaseRoomServer|Any CPU
		{29DA5AA5-8DE5-4ED3-94DC-D957FDCEB297}.Unity|Any CPU.ActiveCfg = Unity|Any CPU
		{29DA5AA5-8DE5-4ED3-94DC-D957FDCEB297}.Unity|Any CPU.Build.0 = Unity|Any CPU
		{29DA5AA5-8DE5-4ED3-94DC-D957FDCEB297}.UnityDebug|Any CPU.ActiveCfg = UnityDebug|Any CPU
		{29DA5AA5-8DE5-4ED3-94DC-D957FDCEB297}.UnityDebug|Any CPU.Build.0 = UnityDebug|Any CPU
		{1081A6B1-FE4C-472A-AA4B-C6EB4F911374}.Debug|Any CPU.ActiveCfg = Debug|Any CPU
		{1081A6B1-FE4C-472A-AA4B-C6EB4F911374}.DebugExamples|Any CPU.ActiveCfg = DebugExamples|Any CPU
		{1081A6B1-FE4C-472A-AA4B-C6EB4F911374}.DebugExamples|Any CPU.Build.0 = DebugExamples|Any CPU
		{1081A6B1-FE4C-472A-AA4B-C6EB4F911374}.DebugRoomServer|Any CPU.ActiveCfg = DebugExamples|Any CPU
		{1081A6B1-FE4C-472A-AA4B-C6EB4F911374}.DebugRoomServer|Any CPU.Build.0 = DebugExamples|Any CPU
		{1081A6B1-FE4C-472A-AA4B-C6EB4F911374}.Release|Any CPU.ActiveCfg = Release|Any CPU
		{1081A6B1-FE4C-472A-AA4B-C6EB4F911374}.ReleaseRoomServer|Any CPU.ActiveCfg = ReleaseRoomServer|Any CPU
		{1081A6B1-FE4C-472A-AA4B-C6EB4F911374}.ReleaseRoomServer|Any CPU.Build.0 = ReleaseRoomServer|Any CPU
		{1081A6B1-FE4C-472A-AA4B-C6EB4F911374}.Unity|Any CPU.ActiveCfg = ReleaseRoomServer|Any CPU
		{1081A6B1-FE4C-472A-AA4B-C6EB4F911374}.Unity|Any CPU.Build.0 = ReleaseRoomServer|Any CPU
		{1081A6B1-FE4C-472A-AA4B-C6EB4F911374}.UnityDebug|Any CPU.ActiveCfg = Debug|Any CPU
		{1081A6B1-FE4C-472A-AA4B-C6EB4F911374}.UnityDebug|Any CPU.Build.0 = Debug|Any CPU
		{3808D6C8-2630-46A2-9C23-2CCF8B4D80AA}.Debug|Any CPU.ActiveCfg = Debug|Any CPU
		{3808D6C8-2630-46A2-9C23-2CCF8B4D80AA}.DebugExamples|Any CPU.ActiveCfg = Debug|Any CPU
		{3808D6C8-2630-46A2-9C23-2CCF8B4D80AA}.DebugExamples|Any CPU.Build.0 = Debug|Any CPU
		{3808D6C8-2630-46A2-9C23-2CCF8B4D80AA}.DebugRoomServer|Any CPU.ActiveCfg = Debug|Any CPU
		{3808D6C8-2630-46A2-9C23-2CCF8B4D80AA}.DebugRoomServer|Any CPU.Build.0 = Debug|Any CPU
		{3808D6C8-2630-46A2-9C23-2CCF8B4D80AA}.Release|Any CPU.ActiveCfg = Release|Any CPU
		{3808D6C8-2630-46A2-9C23-2CCF8B4D80AA}.ReleaseRoomServer|Any CPU.ActiveCfg = Release|Any CPU
		{3808D6C8-2630-46A2-9C23-2CCF8B4D80AA}.ReleaseRoomServer|Any CPU.Build.0 = Release|Any CPU
		{3808D6C8-2630-46A2-9C23-2CCF8B4D80AA}.Unity|Any CPU.ActiveCfg = Release|Any CPU
		{3808D6C8-2630-46A2-9C23-2CCF8B4D80AA}.Unity|Any CPU.Build.0 = Release|Any CPU
		{3808D6C8-2630-46A2-9C23-2CCF8B4D80AA}.UnityDebug|Any CPU.ActiveCfg = Debug|Any CPU
		{3808D6C8-2630-46A2-9C23-2CCF8B4D80AA}.UnityDebug|Any CPU.Build.0 = Debug|Any CPU
		{26332D51-6E0F-494E-BE61-2E4163FC775E}.Debug|Any CPU.ActiveCfg = Debug|Any CPU
		{26332D51-6E0F-494E-BE61-2E4163FC775E}.Debug|Any CPU.Build.0 = Debug|Any CPU
		{26332D51-6E0F-494E-BE61-2E4163FC775E}.DebugExamples|Any CPU.ActiveCfg = DebugExamples|Any CPU
		{26332D51-6E0F-494E-BE61-2E4163FC775E}.DebugExamples|Any CPU.Build.0 = DebugExamples|Any CPU
		{26332D51-6E0F-494E-BE61-2E4163FC775E}.DebugRoomServer|Any CPU.ActiveCfg = DebugRoomServer|Any CPU
		{26332D51-6E0F-494E-BE61-2E4163FC775E}.DebugRoomServer|Any CPU.Build.0 = DebugRoomServer|Any CPU
		{26332D51-6E0F-494E-BE61-2E4163FC775E}.Release|Any CPU.ActiveCfg = Release|Any CPU
		{26332D51-6E0F-494E-BE61-2E4163FC775E}.Release|Any CPU.Build.0 = Release|Any CPU
		{26332D51-6E0F-494E-BE61-2E4163FC775E}.ReleaseRoomServer|Any CPU.ActiveCfg = ReleaseRoomServer|Any CPU
		{26332D51-6E0F-494E-BE61-2E4163FC775E}.ReleaseRoomServer|Any CPU.Build.0 = ReleaseRoomServer|Any CPU
		{26332D51-6E0F-494E-BE61-2E4163FC775E}.Unity|Any CPU.ActiveCfg = ReleaseRoomServer|Any CPU
		{26332D51-6E0F-494E-BE61-2E4163FC775E}.Unity|Any CPU.Build.0 = ReleaseRoomServer|Any CPU
		{26332D51-6E0F-494E-BE61-2E4163FC775E}.UnityDebug|Any CPU.ActiveCfg = Debug|Any CPU
		{26332D51-6E0F-494E-BE61-2E4163FC775E}.UnityDebug|Any CPU.Build.0 = Debug|Any CPU
		{E88F039B-4D19-404D-9BA1-D28D01379A8B}.Debug|Any CPU.ActiveCfg = Debug|Any CPU
		{E88F039B-4D19-404D-9BA1-D28D01379A8B}.DebugExamples|Any CPU.ActiveCfg = DebugExamples|Any CPU
		{E88F039B-4D19-404D-9BA1-D28D01379A8B}.DebugExamples|Any CPU.Build.0 = DebugExamples|Any CPU
		{E88F039B-4D19-404D-9BA1-D28D01379A8B}.DebugRoomServer|Any CPU.ActiveCfg = DebugExamples|Any CPU
		{E88F039B-4D19-404D-9BA1-D28D01379A8B}.DebugRoomServer|Any CPU.Build.0 = DebugExamples|Any CPU
		{E88F039B-4D19-404D-9BA1-D28D01379A8B}.Release|Any CPU.ActiveCfg = Release|Any CPU
		{E88F039B-4D19-404D-9BA1-D28D01379A8B}.ReleaseRoomServer|Any CPU.ActiveCfg = ReleaseRoomServer|Any CPU
		{E88F039B-4D19-404D-9BA1-D28D01379A8B}.ReleaseRoomServer|Any CPU.Build.0 = ReleaseRoomServer|Any CPU
		{E88F039B-4D19-404D-9BA1-D28D01379A8B}.Unity|Any CPU.ActiveCfg = ReleaseRoomServer|Any CPU
		{E88F039B-4D19-404D-9BA1-D28D01379A8B}.Unity|Any CPU.Build.0 = ReleaseRoomServer|Any CPU
		{E88F039B-4D19-404D-9BA1-D28D01379A8B}.UnityDebug|Any CPU.ActiveCfg = Debug|Any CPU
		{E88F039B-4D19-404D-9BA1-D28D01379A8B}.UnityDebug|Any CPU.Build.0 = Debug|Any CPU
		{86D5A22F-2B6C-4D06-8351-9B08DDDE85B4}.Debug|Any CPU.ActiveCfg = Debug|Any CPU
		{86D5A22F-2B6C-4D06-8351-9B08DDDE85B4}.DebugExamples|Any CPU.ActiveCfg = Debug|Any CPU
		{86D5A22F-2B6C-4D06-8351-9B08DDDE85B4}.DebugExamples|Any CPU.Build.0 = Debug|Any CPU
		{86D5A22F-2B6C-4D06-8351-9B08DDDE85B4}.DebugRoomServer|Any CPU.ActiveCfg = Debug|Any CPU
		{86D5A22F-2B6C-4D06-8351-9B08DDDE85B4}.DebugRoomServer|Any CPU.Build.0 = Debug|Any CPU
		{86D5A22F-2B6C-4D06-8351-9B08DDDE85B4}.Release|Any CPU.ActiveCfg = Release|Any CPU
		{86D5A22F-2B6C-4D06-8351-9B08DDDE85B4}.ReleaseRoomServer|Any CPU.ActiveCfg = Release|Any CPU
		{86D5A22F-2B6C-4D06-8351-9B08DDDE85B4}.ReleaseRoomServer|Any CPU.Build.0 = Release|Any CPU
		{86D5A22F-2B6C-4D06-8351-9B08DDDE85B4}.Unity|Any CPU.ActiveCfg = Release|Any CPU
		{86D5A22F-2B6C-4D06-8351-9B08DDDE85B4}.Unity|Any CPU.Build.0 = Release|Any CPU
		{86D5A22F-2B6C-4D06-8351-9B08DDDE85B4}.UnityDebug|Any CPU.ActiveCfg = Debug|Any CPU
		{86D5A22F-2B6C-4D06-8351-9B08DDDE85B4}.UnityDebug|Any CPU.Build.0 = Debug|Any CPU
		{05E1F789-FAF6-4E7D-9208-245080FE51A1}.Debug|Any CPU.ActiveCfg = Debug|Any CPU
		{05E1F789-FAF6-4E7D-9208-245080FE51A1}.Debug|Any CPU.Build.0 = Debug|Any CPU
		{05E1F789-FAF6-4E7D-9208-245080FE51A1}.DebugExamples|Any CPU.ActiveCfg = Debug|Any CPU
		{05E1F789-FAF6-4E7D-9208-245080FE51A1}.DebugExamples|Any CPU.Build.0 = Debug|Any CPU
		{05E1F789-FAF6-4E7D-9208-245080FE51A1}.DebugRoomServer|Any CPU.ActiveCfg = Debug|Any CPU
		{05E1F789-FAF6-4E7D-9208-245080FE51A1}.DebugRoomServer|Any CPU.Build.0 = Debug|Any CPU
		{05E1F789-FAF6-4E7D-9208-245080FE51A1}.Release|Any CPU.ActiveCfg = Release|Any CPU
		{05E1F789-FAF6-4E7D-9208-245080FE51A1}.Release|Any CPU.Build.0 = Release|Any CPU
		{05E1F789-FAF6-4E7D-9208-245080FE51A1}.ReleaseRoomServer|Any CPU.ActiveCfg = Release|Any CPU
		{05E1F789-FAF6-4E7D-9208-245080FE51A1}.ReleaseRoomServer|Any CPU.Build.0 = Release|Any CPU
		{05E1F789-FAF6-4E7D-9208-245080FE51A1}.Unity|Any CPU.ActiveCfg = DebugExamples|Any CPU
		{05E1F789-FAF6-4E7D-9208-245080FE51A1}.Unity|Any CPU.Build.0 = DebugExamples|Any CPU
		{05E1F789-FAF6-4E7D-9208-245080FE51A1}.UnityDebug|Any CPU.ActiveCfg = Debug|Any CPU
		{05E1F789-FAF6-4E7D-9208-245080FE51A1}.UnityDebug|Any CPU.Build.0 = Debug|Any CPU
		{9104E005-5574-4D3A-B1A7-196F4AE41CC3}.Debug|Any CPU.ActiveCfg = Debug|Any CPU
		{9104E005-5574-4D3A-B1A7-196F4AE41CC3}.Debug|Any CPU.Build.0 = Debug|Any CPU
		{9104E005-5574-4D3A-B1A7-196F4AE41CC3}.DebugExamples|Any CPU.ActiveCfg = DebugExamples|Any CPU
		{9104E005-5574-4D3A-B1A7-196F4AE41CC3}.DebugExamples|Any CPU.Build.0 = DebugExamples|Any CPU
		{9104E005-5574-4D3A-B1A7-196F4AE41CC3}.DebugRoomServer|Any CPU.ActiveCfg = DebugExamples|Any CPU
		{9104E005-5574-4D3A-B1A7-196F4AE41CC3}.DebugRoomServer|Any CPU.Build.0 = DebugExamples|Any CPU
		{9104E005-5574-4D3A-B1A7-196F4AE41CC3}.Release|Any CPU.ActiveCfg = Release|Any CPU
		{9104E005-5574-4D3A-B1A7-196F4AE41CC3}.Release|Any CPU.Build.0 = Release|Any CPU
		{9104E005-5574-4D3A-B1A7-196F4AE41CC3}.ReleaseRoomServer|Any CPU.ActiveCfg = Release|Any CPU
		{9104E005-5574-4D3A-B1A7-196F4AE41CC3}.ReleaseRoomServer|Any CPU.Build.0 = Release|Any CPU
		{9104E005-5574-4D3A-B1A7-196F4AE41CC3}.Unity|Any CPU.ActiveCfg = Unity|Any CPU
		{9104E005-5574-4D3A-B1A7-196F4AE41CC3}.Unity|Any CPU.Build.0 = Unity|Any CPU
		{9104E005-5574-4D3A-B1A7-196F4AE41CC3}.UnityDebug|Any CPU.ActiveCfg = UnityDebug|Any CPU
		{9104E005-5574-4D3A-B1A7-196F4AE41CC3}.UnityDebug|Any CPU.Build.0 = UnityDebug|Any CPU
		{80AF8793-8944-4EC0-B821-D9E7BC8C35E3}.Debug|Any CPU.ActiveCfg = Debug|Any CPU
		{80AF8793-8944-4EC0-B821-D9E7BC8C35E3}.Debug|Any CPU.Build.0 = Debug|Any CPU
		{80AF8793-8944-4EC0-B821-D9E7BC8C35E3}.DebugExamples|Any CPU.ActiveCfg = Debug|Any CPU
		{80AF8793-8944-4EC0-B821-D9E7BC8C35E3}.DebugExamples|Any CPU.Build.0 = Debug|Any CPU
		{80AF8793-8944-4EC0-B821-D9E7BC8C35E3}.DebugRoomServer|Any CPU.ActiveCfg = Debug|Any CPU
		{80AF8793-8944-4EC0-B821-D9E7BC8C35E3}.DebugRoomServer|Any CPU.Build.0 = Debug|Any CPU
		{80AF8793-8944-4EC0-B821-D9E7BC8C35E3}.Release|Any CPU.ActiveCfg = Release|Any CPU
		{80AF8793-8944-4EC0-B821-D9E7BC8C35E3}.Release|Any CPU.Build.0 = Release|Any CPU
		{80AF8793-8944-4EC0-B821-D9E7BC8C35E3}.ReleaseRoomServer|Any CPU.ActiveCfg = Release|Any CPU
		{80AF8793-8944-4EC0-B821-D9E7BC8C35E3}.ReleaseRoomServer|Any CPU.Build.0 = Release|Any CPU
		{80AF8793-8944-4EC0-B821-D9E7BC8C35E3}.Unity|Any CPU.ActiveCfg = Debug|Any CPU
		{80AF8793-8944-4EC0-B821-D9E7BC8C35E3}.Unity|Any CPU.Build.0 = Debug|Any CPU
		{80AF8793-8944-4EC0-B821-D9E7BC8C35E3}.UnityDebug|Any CPU.ActiveCfg = Debug|Any CPU
		{80AF8793-8944-4EC0-B821-D9E7BC8C35E3}.UnityDebug|Any CPU.Build.0 = Debug|Any CPU
	EndGlobalSection
	GlobalSection(SolutionProperties) = preSolution
		HideSolutionNode = FALSE
	EndGlobalSection
	GlobalSection(NestedProjects) = preSolution
		{1081A6B1-FE4C-472A-AA4B-C6EB4F911374} = {BC3466B4-8239-425D-BB35-7F65AD1D6001}
		{3808D6C8-2630-46A2-9C23-2CCF8B4D80AA} = {BC3466B4-8239-425D-BB35-7F65AD1D6001}
		{E88F039B-4D19-404D-9BA1-D28D01379A8B} = {BC3466B4-8239-425D-BB35-7F65AD1D6001}
		{86D5A22F-2B6C-4D06-8351-9B08DDDE85B4} = {BC3466B4-8239-425D-BB35-7F65AD1D6001}
		{80AF8793-8944-4EC0-B821-D9E7BC8C35E3} = {BC3466B4-8239-425D-BB35-7F65AD1D6001}
	EndGlobalSection
	GlobalSection(ExtensibilityGlobals) = postSolution
		SolutionGuid = {FAC0C61D-775D-4347-9BD3-3A114A731C7C}
	EndGlobalSection
EndGlobal
